// !$*UTF8*$!
{
	archiveVersion = 1;
	classes = {
	};
	objectVersion = 46;
	objects = {

/* Begin PBXBuildFile section */
		97002AF31B4DBFF40090B9B9 /* main.m in Sources */ = {isa = PBXBuildFile; fileRef = 97002AF21B4DBFF40090B9B9 /* main.m */; };
		97002AF61B4DBFF40090B9B9 /* AppDelegate.m in Sources */ = {isa = PBXBuildFile; fileRef = 97002AF51B4DBFF40090B9B9 /* AppDelegate.m */; };
		97002AF91B4DBFF40090B9B9 /* ViewController.m in Sources */ = {isa = PBXBuildFile; fileRef = 97002AF81B4DBFF40090B9B9 /* ViewController.m */; };
		97002AFC1B4DBFF40090B9B9 /* Main.storyboard in Resources */ = {isa = PBXBuildFile; fileRef = 97002AFA1B4DBFF40090B9B9 /* Main.storyboard */; };
		97002AFE1B4DBFF40090B9B9 /* Images.xcassets in Resources */ = {isa = PBXBuildFile; fileRef = 97002AFD1B4DBFF40090B9B9 /* Images.xcassets */; };
		97002B011B4DBFF40090B9B9 /* LaunchScreen.xib in Resources */ = {isa = PBXBuildFile; fileRef = 97002AFF1B4DBFF40090B9B9 /* LaunchScreen.xib */; };
		97002B0D1B4DBFF40090B9B9 /* Auto_Layout___StoryboardTests.m in Sources */ = {isa = PBXBuildFile; fileRef = 97002B0C1B4DBFF40090B9B9 /* Auto_Layout___StoryboardTests.m */; };
/* End PBXBuildFile section */

/* Begin PBXContainerItemProxy section */
		97002B071B4DBFF40090B9B9 /* PBXContainerItemProxy */ = {
			isa = PBXContainerItemProxy;
			containerPortal = 97002AE51B4DBFF40090B9B9 /* Project object */;
			proxyType = 1;
			remoteGlobalIDString = 97002AEC1B4DBFF40090B9B9;
			remoteInfo = "Auto Layout - Storyboard";
		};
/* End PBXContainerItemProxy section */

/* Begin PBXFileReference section */
		97002AED1B4DBFF40090B9B9 /* Auto Layout - Storyboard.app */ = {isa = PBXFileReference; explicitFileType = wrapper.application; includeInIndex = 0; path = "Auto Layout - Storyboard.app"; sourceTree = BUILT_PRODUCTS_DIR; };
		97002AF11B4DBFF40090B9B9 /* Info.plist */ = {isa = PBXFileReference; lastKnownFileType = text.plist.xml; path = Info.plist; sourceTree = "<group>"; };
		97002AF21B4DBFF40090B9B9 /* main.m */ = {isa = PBXFileReference; lastKnownFileType = sourcecode.c.objc; path = main.m; sourceTree = "<group>"; };
		97002AF41B4DBFF40090B9B9 /* AppDelegate.h */ = {isa = PBXFileReference; lastKnownFileType = sourcecode.c.h; path = AppDelegate.h; sourceTree = "<group>"; };
		97002AF51B4DBFF40090B9B9 /* AppDelegate.m */ = {isa = PBXFileReference; lastKnownFileType = sourcecode.c.objc; path = AppDelegate.m; sourceTree = "<group>"; };
		97002AF71B4DBFF40090B9B9 /* ViewController.h */ = {isa = PBXFileReference; lastKnownFileType = sourcecode.c.h; path = ViewController.h; sourceTree = "<group>"; };
		97002AF81B4DBFF40090B9B9 /* ViewController.m */ = {isa = PBXFileReference; lastKnownFileType = sourcecode.c.objc; path = ViewController.m; sourceTree = "<group>"; };
		97002AFB1B4DBFF40090B9B9 /* Base */ = {isa = PBXFileReference; lastKnownFileType = file.storyboard; name = Base; path = Base.lproj/Main.storyboard; sourceTree = "<group>"; };
		97002AFD1B4DBFF40090B9B9 /* Images.xcassets */ = {isa = PBXFileReference; lastKnownFileType = folder.assetcatalog; path = Images.xcassets; sourceTree = "<group>"; };
		97002B001B4DBFF40090B9B9 /* Base */ = {isa = PBXFileReference; lastKnownFileType = file.xib; name = Base; path = Base.lproj/LaunchScreen.xib; sourceTree = "<group>"; };
		97002B061B4DBFF40090B9B9 /* Auto Layout - StoryboardTests.xctest */ = {isa = PBXFileReference; explicitFileType = wrapper.cfbundle; includeInIndex = 0; path = "Auto Layout - StoryboardTests.xctest"; sourceTree = BUILT_PRODUCTS_DIR; };
		97002B0B1B4DBFF40090B9B9 /* Info.plist */ = {isa = PBXFileReference; lastKnownFileType = text.plist.xml; path = Info.plist; sourceTree = "<group>"; };
		97002B0C1B4DBFF40090B9B9 /* Auto_Layout___StoryboardTests.m */ = {isa = PBXFileReference; lastKnownFileType = sourcecode.c.objc; path = "Auto_Layout___StoryboardTests.m"; sourceTree = "<group>"; };
/* End PBXFileReference section */

/* Begin PBXFrameworksBuildPhase section */
		97002AEA1B4DBFF40090B9B9 /* Frameworks */ = {
			isa = PBXFrameworksBuildPhase;
			buildActionMask = 2147483647;
			files = (
			);
			runOnlyForDeploymentPostprocessing = 0;
		};
		97002B031B4DBFF40090B9B9 /* Frameworks */ = {
			isa = PBXFrameworksBuildPhase;
			buildActionMask = 2147483647;
			files = (
			);
			runOnlyForDeploymentPostprocessing = 0;
		};
/* End PBXFrameworksBuildPhase section */

/* Begin PBXGroup section */
		97002AE41B4DBFF40090B9B9 = {
			isa = PBXGroup;
			children = (
				97002AEF1B4DBFF40090B9B9 /* Auto Layout - Storyboard */,
				97002B091B4DBFF40090B9B9 /* Auto Layout - StoryboardTests */,
				97002AEE1B4DBFF40090B9B9 /* Products */,
			);
			sourceTree = "<group>";
		};
		97002AEE1B4DBFF40090B9B9 /* Products */ = {
			isa = PBXGroup;
			children = (
				97002AED1B4DBFF40090B9B9 /* Auto Layout - Storyboard.app */,
				97002B061B4DBFF40090B9B9 /* Auto Layout - StoryboardTests.xctest */,
			);
			name = Products;
			sourceTree = "<group>";
		};
		97002AEF1B4DBFF40090B9B9 /* Auto Layout - Storyboard */ = {
			isa = PBXGroup;
			children = (
				97002AF41B4DBFF40090B9B9 /* AppDelegate.h */,
				97002AF51B4DBFF40090B9B9 /* AppDelegate.m */,
				97002AF71B4DBFF40090B9B9 /* ViewController.h */,
				97002AF81B4DBFF40090B9B9 /* ViewController.m */,
				97002AFA1B4DBFF40090B9B9 /* Main.storyboard */,
				97002AFD1B4DBFF40090B9B9 /* Images.xcassets */,
				97002AFF1B4DBFF40090B9B9 /* LaunchScreen.xib */,
				97002AF01B4DBFF40090B9B9 /* Supporting Files */,
			);
			path = "Auto Layout - Storyboard";
			sourceTree = "<group>";
		};
		97002AF01B4DBFF40090B9B9 /* Supporting Files */ = {
			isa = PBXGroup;
			children = (
				97002AF11B4DBFF40090B9B9 /* Info.plist */,
				97002AF21B4DBFF40090B9B9 /* main.m */,
			);
			name = "Supporting Files";
			sourceTree = "<group>";
		};
		97002B091B4DBFF40090B9B9 /* Auto Layout - StoryboardTests */ = {
			isa = PBXGroup;
			children = (
				97002B0C1B4DBFF40090B9B9 /* Auto_Layout___StoryboardTests.m */,
				97002B0A1B4DBFF40090B9B9 /* Supporting Files */,
			);
			path = "Auto Layout - StoryboardTests";
			sourceTree = "<group>";
		};
		97002B0A1B4DBFF40090B9B9 /* Supporting Files */ = {
			isa = PBXGroup;
			children = (
				97002B0B1B4DBFF40090B9B9 /* Info.plist */,
			);
			name = "Supporting Files";
			sourceTree = "<group>";
		};
/* End PBXGroup section */

/* Begin PBXNativeTarget section */
		97002AEC1B4DBFF40090B9B9 /* Auto Layout - Storyboard */ = {
			isa = PBXNativeTarget;
			buildConfigurationList = 97002B101B4DBFF40090B9B9 /* Build configuration list for PBXNativeTarget "Auto Layout - Storyboard" */;
			buildPhases = (
				97002AE91B4DBFF40090B9B9 /* Sources */,
				97002AEA1B4DBFF40090B9B9 /* Frameworks */,
				97002AEB1B4DBFF40090B9B9 /* Resources */,
			);
			buildRules = (
			);
			dependencies = (
			);
			name = "Auto Layout - Storyboard";
			productName = "Auto Layout - Storyboard";
			productReference = 97002AED1B4DBFF40090B9B9 /* Auto Layout - Storyboard.app */;
			productType = "com.apple.product-type.application";
		};
		97002B051B4DBFF40090B9B9 /* Auto Layout - StoryboardTests */ = {
			isa = PBXNativeTarget;
			buildConfigurationList = 97002B131B4DBFF40090B9B9 /* Build configuration list for PBXNativeTarget "Auto Layout - StoryboardTests" */;
			buildPhases = (
				97002B021B4DBFF40090B9B9 /* Sources */,
				97002B031B4DBFF40090B9B9 /* Frameworks */,
				97002B041B4DBFF40090B9B9 /* Resources */,
			);
			buildRules = (
			);
			dependencies = (
				97002B081B4DBFF40090B9B9 /* PBXTargetDependency */,
			);
			name = "Auto Layout - StoryboardTests";
			productName = "Auto Layout - StoryboardTests";
			productReference = 97002B061B4DBFF40090B9B9 /* Auto Layout - StoryboardTests.xctest */;
			productType = "com.apple.product-type.bundle.unit-test";
		};
/* End PBXNativeTarget section */

/* Begin PBXProject section */
		97002AE51B4DBFF40090B9B9 /* Project object */ = {
			isa = PBXProject;
			attributes = {
				LastUpgradeCheck = 0640;
				ORGANIZATIONNAME = "Cody Zazulak";
				TargetAttributes = {
					97002AEC1B4DBFF40090B9B9 = {
						CreatedOnToolsVersion = 6.4;
					};
					97002B051B4DBFF40090B9B9 = {
						CreatedOnToolsVersion = 6.4;
						TestTargetID = 97002AEC1B4DBFF40090B9B9;
					};
				};
			};
			buildConfigurationList = 97002AE81B4DBFF40090B9B9 /* Build configuration list for PBXProject "Auto Layout - Storyboard" */;
			compatibilityVersion = "Xcode 3.2";
			developmentRegion = English;
			hasScannedForEncodings = 0;
			knownRegions = (
				en,
				Base,
			);
			mainGroup = 97002AE41B4DBFF40090B9B9;
			productRefGroup = 97002AEE1B4DBFF40090B9B9 /* Products */;
			projectDirPath = "";
			projectRoot = "";
			targets = (
				97002AEC1B4DBFF40090B9B9 /* Auto Layout - Storyboard */,
				97002B051B4DBFF40090B9B9 /* Auto Layout - StoryboardTests */,
			);
		};
/* End PBXProject section */

/* Begin PBXResourcesBuildPhase section */
		97002AEB1B4DBFF40090B9B9 /* Resources */ = {
			isa = PBXResourcesBuildPhase;
			buildActionMask = 2147483647;
			files = (
				97002AFC1B4DBFF40090B9B9 /* Main.storyboard in Resources */,
				97002B011B4DBFF40090B9B9 /* LaunchScreen.xib in Resources */,
				97002AFE1B4DBFF40090B9B9 /* Images.xcassets in Resources */,
			);
			runOnlyForDeploymentPostprocessing = 0;
		};
		97002B041B4DBFF40090B9B9 /* Resources */ = {
			isa = PBXResourcesBuildPhase;
			buildActionMask = 2147483647;
			files = (
			);
			runOnlyForDeploymentPostprocessing = 0;
		};
/* End PBXResourcesBuildPhase section */

/* Begin PBXSourcesBuildPhase section */
		97002AE91B4DBFF40090B9B9 /* Sources */ = {
			isa = PBXSourcesBuildPhase;
			buildActionMask = 2147483647;
			files = (
				97002AF91B4DBFF40090B9B9 /* ViewController.m in Sources */,
				97002AF61B4DBFF40090B9B9 /* AppDelegate.m in Sources */,
				97002AF31B4DBFF40090B9B9 /* main.m in Sources */,
			);
			runOnlyForDeploymentPostprocessing = 0;
		};
		97002B021B4DBFF40090B9B9 /* Sources */ = {
			isa = PBXSourcesBuildPhase;
			buildActionMask = 2147483647;
			files = (
				97002B0D1B4DBFF40090B9B9 /* Auto_Layout___StoryboardTests.m in Sources */,
			);
			runOnlyForDeploymentPostprocessing = 0;
		};
/* End PBXSourcesBuildPhase section */

/* Begin PBXTargetDependency section */
		97002B081B4DBFF40090B9B9 /* PBXTargetDependency */ = {
			isa = PBXTargetDependency;
			target = 97002AEC1B4DBFF40090B9B9 /* Auto Layout - Storyboard */;
			targetProxy = 97002B071B4DBFF40090B9B9 /* PBXContainerItemProxy */;
		};
/* End PBXTargetDependency section */

/* Begin PBXVariantGroup section */
		97002AFA1B4DBFF40090B9B9 /* Main.storyboard */ = {
			isa = PBXVariantGroup;
			children = (
				97002AFB1B4DBFF40090B9B9 /* Base */,
			);
			name = Main.storyboard;
			sourceTree = "<group>";
		};
		97002AFF1B4DBFF40090B9B9 /* LaunchScreen.xib */ = {
			isa = PBXVariantGroup;
			children = (
				97002B001B4DBFF40090B9B9 /* Base */,
			);
			name = LaunchScreen.xib;
			sourceTree = "<group>";
		};
/* End PBXVariantGroup section */

/* Begin XCBuildConfiguration section */
		97002B0E1B4DBFF40090B9B9 /* Debug */ = {
			isa = XCBuildConfiguration;
			buildSettings = {
				ALWAYS_SEARCH_USER_PATHS = NO;
				CLANG_CXX_LANGUAGE_STANDARD = "gnu++0x";
				CLANG_CXX_LIBRARY = "libc++";
				CLANG_ENABLE_MODULES = YES;
				CLANG_ENABLE_OBJC_ARC = YES;
				CLANG_WARN_BOOL_CONVERSION = YES;
				CLANG_WARN_CONSTANT_CONVERSION = YES;
				CLANG_WARN_DIRECT_OBJC_ISA_USAGE = YES_ERROR;
				CLANG_WARN_EMPTY_BODY = YES;
				CLANG_WARN_ENUM_CONVERSION = YES;
				CLANG_WARN_INT_CONVERSION = YES;
				CLANG_WARN_OBJC_ROOT_CLASS = YES_ERROR;
				CLANG_WARN_UNREACHABLE_CODE = YES;
				CLANG_WARN__DUPLICATE_METHOD_MATCH = YES;
				"CODE_SIGN_IDENTITY[sdk=iphoneos*]" = "iPhone Developer";
				COPY_PHASE_STRIP = NO;
				DEBUG_INFORMATION_FORMAT = "dwarf-with-dsym";
				ENABLE_STRICT_OBJC_MSGSEND = YES;
				GCC_C_LANGUAGE_STANDARD = gnu99;
				GCC_DYNAMIC_NO_PIC = NO;
				GCC_NO_COMMON_BLOCKS = YES;
				GCC_OPTIMIZATION_LEVEL = 0;
				GCC_PREPROCESSOR_DEFINITIONS = (
					"DEBUG=1",
					"$(inherited)",
				);
				GCC_SYMBOLS_PRIVATE_EXTERN = NO;
				GCC_WARN_64_TO_32_BIT_CONVERSION = YES;
				GCC_WARN_ABOUT_RETURN_TYPE = YES_ERROR;
				GCC_WARN_UNDECLARED_SELECTOR = YES;
				GCC_WARN_UNINITIALIZED_AUTOS = YES_AGGRESSIVE;
				GCC_WARN_UNUSED_FUNCTION = YES;
				GCC_WARN_UNUSED_VARIABLE = YES;
				IPHONEOS_DEPLOYMENT_TARGET = 8.4;
				MTL_ENABLE_DEBUG_INFO = YES;
				ONLY_ACTIVE_ARCH = YES;
				SDKROOT = iphoneos;
			};
			name = Debug;
		};
		97002B0F1B4DBFF40090B9B9 /* Release */ = {
			isa = XCBuildConfiguration;
			buildSettings = {
				ALWAYS_SEARCH_USER_PATHS = NO;
				CLANG_CXX_LANGUAGE_STANDARD = "gnu++0x";
				CLANG_CXX_LIBRARY = "libc++";
				CLANG_ENABLE_MODULES = YES;
				CLANG_ENABLE_OBJC_ARC = YES;
				CLANG_WARN_BOOL_CONVERSION = YES;
				CLANG_WARN_CONSTANT_CONVERSION = YES;
				CLANG_WARN_DIRECT_OBJC_ISA_USAGE = YES_ERROR;
				CLANG_WARN_EMPTY_BODY = YES;
				CLANG_WARN_ENUM_CONVERSION = YES;
				CLANG_WARN_INT_CONVERSION = YES;
				CLANG_WARN_OBJC_ROOT_CLASS = YES_ERROR;
				CLANG_WARN_UNREACHABLE_CODE = YES;
				CLANG_WARN__DUPLICATE_METHOD_MATCH = YES;
				"CODE_SIGN_IDENTITY[sdk=iphoneos*]" = "iPhone Developer";
				COPY_PHASE_STRIP = NO;
				DEBUG_INFORMATION_FORMAT = "dwarf-with-dsym";
				ENABLE_NS_ASSERTIONS = NO;
				ENABLE_STRICT_OBJC_MSGSEND = YES;
				GCC_C_LANGUAGE_STANDARD = gnu99;
				GCC_NO_COMMON_BLOCKS = YES;
				GCC_WARN_64_TO_32_BIT_CONVERSION = YES;
				GCC_WARN_ABOUT_RETURN_TYPE = YES_ERROR;
				GCC_WARN_UNDECLARED_SELECTOR = YES;
				GCC_WARN_UNINITIALIZED_AUTOS = YES_AGGRESSIVE;
				GCC_WARN_UNUSED_FUNCTION = YES;
				GCC_WARN_UNUSED_VARIABLE = YES;
				IPHONEOS_DEPLOYMENT_TARGET = 8.4;
				MTL_ENABLE_DEBUG_INFO = NO;
				SDKROOT = iphoneos;
				VALIDATE_PRODUCT = YES;
			};
			name = Release;
		};
		97002B111B4DBFF40090B9B9 /* Debug */ = {
			isa = XCBuildConfiguration;
			buildSettings = {
				ASSETCATALOG_COMPILER_APPICON_NAME = AppIcon;
				INFOPLIST_FILE = "Auto Layout - Storyboard/Info.plist";
				LD_RUNPATH_SEARCH_PATHS = "$(inherited) @executable_path/Frameworks";
				PRODUCT_NAME = "$(TARGET_NAME)";
			};
			name = Debug;
		};
		97002B121B4DBFF40090B9B9 /* Release */ = {
			isa = XCBuildConfiguration;
			buildSettings = {
				ASSETCATALOG_COMPILER_APPICON_NAME = AppIcon;
				INFOPLIST_FILE = "Auto Layout - Storyboard/Info.plist";
				LD_RUNPATH_SEARCH_PATHS = "$(inherited) @executable_path/Frameworks";
				PRODUCT_NAME = "$(TARGET_NAME)";
			};
			name = Release;
		};
		97002B141B4DBFF40090B9B9 /* Debug */ = {
			isa = XCBuildConfiguration;
			buildSettings = {
				BUNDLE_LOADER = "$(TEST_HOST)";
				FRAMEWORK_SEARCH_PATHS = (
					"$(SDKROOT)/Developer/Library/Frameworks",
					"$(inherited)",
				);
				GCC_PREPROCESSOR_DEFINITIONS = (
					"DEBUG=1",
					"$(inherited)",
				);
				INFOPLIST_FILE = "Auto Layout - StoryboardTests/Info.plist";
				LD_RUNPATH_SEARCH_PATHS = "$(inherited) @executable_path/Frameworks @loader_path/Frameworks";
				PRODUCT_NAME = "$(TARGET_NAME)";
				TEST_HOST = "$(BUILT_PRODUCTS_DIR)/Auto Layout - Storyboard.app/Auto Layout - Storyboard";
			};
			name = Debug;
		};
		97002B151B4DBFF40090B9B9 /* Release */ = {
			isa = XCBuildConfiguration;
			buildSettings = {
				BUNDLE_LOADER = "$(TEST_HOST)";
				FRAMEWORK_SEARCH_PATHS = (
					"$(SDKROOT)/Developer/Library/Frameworks",
					"$(inherited)",
				);
				INFOPLIST_FILE = "Auto Layout - StoryboardTests/Info.plist";
				LD_RUNPATH_SEARCH_PATHS = "$(inherited) @executable_path/Frameworks @loader_path/Frameworks";
				PRODUCT_NAME = "$(TARGET_NAME)";
				TEST_HOST = "$(BUILT_PRODUCTS_DIR)/Auto Layout - Storyboard.app/Auto Layout - Storyboard";
			};
			name = Release;
		};
/* End XCBuildConfiguration section */

/* Begin XCConfigurationList section */
		97002AE81B4DBFF40090B9B9 /* Build configuration list for PBXProject "Auto Layout - Storyboard" */ = {
			isa = XCConfigurationList;
			buildConfigurations = (
				97002B0E1B4DBFF40090B9B9 /* Debug */,
				97002B0F1B4DBFF40090B9B9 /* Release */,
			);
			defaultConfigurationIsVisible = 0;
			defaultConfigurationName = Release;
		};
		97002B101B4DBFF40090B9B9 /* Build configuration list for PBXNativeTarget "Auto Layout - Storyboard" */ = {
			isa = XCConfigurationList;
			buildConfigurations = (
				97002B111B4DBFF40090B9B9 /* Debug */,
				97002B121B4DBFF40090B9B9 /* Release */,
			);
			defaultConfigurationIsVisible = 0;
		};
		97002B131B4DBFF40090B9B9 /* Build configuration list for PBXNativeTarget "Auto Layout - StoryboardTests" */ = {
			isa = XCConfigurationList;
			buildConfigurations = (
				97002B141B4DBFF40090B9B9 /* Debug */,
				97002B151B4DBFF40090B9B9 /* Release */,
			);
			defaultConfigurationIsVisible = 0;
		};
/* End XCConfigurationList section */
	};
	rootObject = 97002AE51B4DBFF40090B9B9 /* Project object */;
}
